<Solution>
  <Folder Name="/Solution Items/">
    <File Path=".env" />
    <File Path=".github/workflows/deploy.yml" />
    <File Path=".gitignore" />
    <File Path="compose.dev.yml" />
    <File Path="compose.prod.yml" />
  </Folder>
  <Project Path="Celleseum.ApiService/Celleseum.ApiService.csproj" />
  <Project Path="Celleseum.AppHost/Celleseum.AppHost.csproj" />
  <Project Path="Celleseum.Data/Celleseum.Data.csproj" Id="7c5b9289-5fba-49fb-9050-b5e2787a68d4" />
  <Project Path="Celleseum.ServiceDefaults/Celleseum.ServiceDefaults.csproj" />
  <Project Path="Celleseum.Tests/Celleseum.Tests.csproj" />
  <Project Path="Celleseum.Web/Celleseum.Web.csproj" />
</Solution>
